// !$*UTF8*$!
{
	archiveVersion = 1;
	classes = {
	};
	objectVersion = 77;
	objects = {

/* Begin PBXBuildFile section */
		04E751AE3003B439002BA545 /* ExerciseType.swift in Sources */ = {isa = PBXBuildFile; fileRef = 04E751983003A084002BA545 /* ExerciseType.swift */; };
		04E751AF3003B439002BA545 /* SessionType.swift in Sources */ = {isa = PBXBuildFile; fileRef = 04E751993003A084002BA545 /* SessionType.swift */; };
		04E751B03003B439002BA545 /* DailyStats.swift in Sources */ = {isa = PBXBuildFile; fileRef = 04E751973003A084002BA545 /* DailyStats.swift */; };
		04E751B13003B439002BA545 /* UserProfile.swift in Sources */ = {isa = PBXBuildFile; fileRef = 04E7519A3003A084002BA545 /* UserProfile.swift */; };
		04E751B23003B4AD002BA545 /* NotificationManager.swift in Sources */ = {isa = PBXBuildFile; fileRef = 04E7519D3003A084002BA545 /* NotificationManager.swift */; };
		04E751B33003B4AD002BA545 /* CameraManager.swift in Sources */ = {isa = PBXBuildFile; fileRef = 04E7519C3003A084002BA545 /* CameraManager.swift */; };
		04E751B43003B4AD002BA545 /* StatsStore.swift in Sources */ = {isa = PBXBuildFile; fileRef = 04E7519F3003A084002BA545 /* StatsStore.swift */; };
		04E751B53003B4AD002BA545 /* PoseCounter.swift in Sources */ = {isa = PBXBuildFile; fileRef = 04E7519E3003A084002BA545 /* PoseCounter.swift */; };
		04E751B63003B58A002BA545 /* HeyUpViewModel.swift in Sources */ = {isa = PBXBuildFile; fileRef = 04E751A13003A084002BA545 /* HeyUpViewModel.swift */; };
		04E751B73003B598002BA545 /* MovementBreakView.swift in Sources */ = {isa = PBXBuildFile; fileRef = 04E751A63003A084002BA545 /* MovementBreakView.swift */; };
		04E751B83003B598002BA545 /* SettingsView.swift in Sources */ = {isa = PBXBuildFile; fileRef = 04E751A93003A084002BA545 /* SettingsView.swift */; };
		04E751B93003B598002BA545 /* TimerView.swift in Sources */ = {isa = PBXBuildFile; fileRef = 04E751AC3003A084002BA545 /* TimerView.swift */; };
		04E751BA3003B598002BA545 /* GetReadyView.swift in Sources */ = {isa = PBXBuildFile; fileRef = 04E751A43003A084002BA545 /* GetReadyView.swift */; };
		04E751BB3003B598002BA545 /* CameraPreviewLayerView.swift in Sources */ = {isa = PBXBuildFile; fileRef = 04E751A33003A084002BA545 /* CameraPreviewLayerView.swift */; };
		04E751BC3003B598002BA545 /* SkipCheckInView.swift in Sources */ = {isa = PBXBuildFile; fileRef = 04E751AA3003A084002BA545 /* SkipCheckInView.swift */; };
		04E751BD3003B598002BA545 /* RootView.swift in Sources */ = {isa = PBXBuildFile; fileRef = 04E751A83003A084002BA545 /* RootView.swift */; };
		04E751BE3003B598002BA545 /* SuccessView.swift in Sources */ = {isa = PBXBuildFile; fileRef = 04E751AB3003A084002BA545 /* SuccessView.swift */; };
		04E751BF3003B598002BA545 /* HomeView.swift in Sources */ = {isa = PBXBuildFile; fileRef = 04E751A53003A084002BA545 /* HomeView.swift */; };
		04E751C03003B598002BA545 /* OnboardingView.swift in Sources */ = {isa = PBXBuildFile; fileRef = 04E751A73003A084002BA545 /* OnboardingView.swift */; };
		04E751C23003B95D002BA545 /* HeyUpApp.swift in Sources */ = {isa = PBXBuildFile; fileRef = 04E751C13003B95D002BA545 /* HeyUpApp.swift */; };
		04E751C43003C317002BA545 /* HistoryView.swift in Sources */ = {isa = PBXBuildFile; fileRef = 04E751C33003C317002BA545 /* HistoryView.swift */; };
/* End PBXBuildFile section */

/* Begin PBXFileReference section */
		04E7516330038E1D002BA545 /* HeyUp.app */ = {isa = PBXFileReference; explicitFileType = wrapper.application; includeInIndex = 0; path = HeyUp.app; sourceTree = BUILT_PRODUCTS_DIR; };
		04E751973003A084002BA545 /* DailyStats.swift */ = {isa = PBXFileReference; lastKnownFileType = sourcecode.swift; path = DailyStats.swift; sourceTree = "<group>"; };
		04E751983003A084002BA545 /* ExerciseType.swift */ = {isa = PBXFileReference; lastKnownFileType = sourcecode.swift; path = ExerciseType.swift; sourceTree = "<group>"; };
		04E751993003A084002BA545 /* SessionType.swift */ = {isa = PBXFileReference; lastKnownFileType = sourcecode.swift; path = SessionType.swift; sourceTree = "<group>"; };
		04E7519A3003A084002BA545 /* UserProfile.swift */ = {isa = PBXFileReference; lastKnownFileType = sourcecode.swift; path = UserProfile.swift; sourceTree = "<group>"; };
		04E7519C3003A084002BA545 /* CameraManager.swift */ = {isa = PBXFileReference; lastKnownFileType = sourcecode.swift; path = CameraManager.swift; sourceTree = "<group>"; };
		04E7519D3003A084002BA545 /* NotificationManager.swift */ = {isa = PBXFileReference; lastKnownFileType = sourcecode.swift; path = NotificationManager.swift; sourceTree = "<group>"; };
		04E7519E3003A084002BA545 /* PoseCounter.swift */ = {isa = PBXFileReference; lastKnownFileType = sourcecode.swift; path = PoseCounter.swift; sourceTree = "<group>"; };
		04E7519F3003A084002BA545 /* StatsStore.swift */ = {isa = PBXFileReference; lastKnownFileType = sourcecode.swift; path = StatsStore.swift; sourceTree = "<group>"; };
		04E751A13003A084002BA545 /* HeyUpViewModel.swift */ = {isa = PBXFileReference; lastKnownFileType = sourcecode.swift; path = HeyUpViewModel.swift; sourceTree = "<group>"; };
		04E751A33003A084002BA545 /* CameraPreviewLayerView.swift */ = {isa = PBXFileReference; lastKnownFileType = sourcecode.swift; path = CameraPreviewLayerView.swift; sourceTree = "<group>"; };
		04E751A43003A084002BA545 /* GetReadyView.swift */ = {isa = PBXFileReference; lastKnownFileType = sourcecode.swift; path = GetReadyView.swift; sourceTree = "<group>"; };
		04E751A53003A084002BA545 /* HomeView.swift */ = {isa = PBXFileReference; lastKnownFileType = sourcecode.swift; path = HomeView.swift; sourceTree = "<group>"; };
		04E751A63003A084002BA545 /* MovementBreakView.swift */ = {isa = PBXFileReference; lastKnownFileType = sourcecode.swift; path = MovementBreakView.swift; sourceTree = "<group>"; };
		04E751A73003A084002BA545 /* OnboardingView.swift */ = {isa = PBXFileReference; lastKnownFileType = sourcecode.swift; path = OnboardingView.swift; sourceTree = "<group>"; };
		04E751A83003A084002BA545 /* RootView.swift */ = {isa = PBXFileReference; lastKnownFileType = sourcecode.swift; path = RootView.swift; sourceTree = "<group>"; };
		04E751A93003A084002BA545 /* SettingsView.swift */ = {isa = PBXFileReference; lastKnownFileType = sourcecode.swift; path = SettingsView.swift; sourceTree = "<group>"; };
		04E751AA3003A084002BA545 /* SkipCheckInView.swift */ = {isa = PBXFileReference; lastKnownFileType = sourcecode.swift; path = SkipCheckInView.swift; sourceTree = "<group>"; };
		04E751AB3003A084002BA545 /* SuccessView.swift */ = {isa = PBXFileReference; lastKnownFileType = sourcecode.swift; path = SuccessView.swift; sourceTree = "<group>"; };
		04E751AC3003A084002BA545 /* TimerView.swift */ = {isa = PBXFileReference; lastKnownFileType = sourcecode.swift; path = TimerView.swift; sourceTree = "<group>"; };
		04E751C13003B95D002BA545 /* HeyUpApp.swift */ = {isa = PBXFileReference; lastKnownFileType = sourcecode.swift; path = HeyUpApp.swift; sourceTree = "<group>"; };
		04E751C33003C317002BA545 /* HistoryView.swift */ = {isa = PBXFileReference; lastKnownFileType = sourcecode.swift; path = HistoryView.swift; sourceTree = "<group>"; };
/* End PBXFileReference section */

/* Begin PBXFrameworksBuildPhase section */
		04E7516030038E1D002BA545 /* Frameworks */ = {
			isa = PBXFrameworksBuildPhase;
			buildActionMask = 2147483647;
			files = (
			);
			runOnlyForDeploymentPostprocessing = 0;
		};
/* End PBXFrameworksBuildPhase section */

/* Begin PBXGroup section */
		04E7515A30038E1D002BA545 = {
			isa = PBXGroup;
			children = (
				04E751C33003C317002BA545 /* HistoryView.swift */,
				04E751C13003B95D002BA545 /* HeyUpApp.swift */,
				04E7519B3003A084002BA545 /* Models 2 */,
				04E751A03003A084002BA545 /* Services */,
				04E751A23003A084002BA545 /* ViewModel */,
				04E751AD3003A084002BA545 /* Views */,
				04E7516430038E1D002BA545 /* Products */,
			);
			sourceTree = "<group>";
		};
		04E7516430038E1D002BA545 /* Products */ = {
			isa = PBXGroup;
			children = (
				04E7516330038E1D002BA545 /* HeyUp.app */,
			);
			name = Products;
			sourceTree = "<group>";
		};
		04E7519B3003A084002BA545 /* Models 2 */ = {
			isa = PBXGroup;
			children = (
				04E751973003A084002BA545 /* DailyStats.swift */,
				04E751983003A084002BA545 /* ExerciseType.swift */,
				04E751993003A084002BA545 /* SessionType.swift */,
				04E7519A3003A084002BA545 /* UserProfile.swift */,
			);
			path = "Models 2";
			sourceTree = "<group>";
		};
		04E751A03003A084002BA545 /* Services */ = {
			isa = PBXGroup;
			children = (
				04E7519C3003A084002BA545 /* CameraManager.swift */,
				04E7519D3003A084002BA545 /* NotificationManager.swift */,
				04E7519E3003A084002BA545 /* PoseCounter.swift */,
				04E7519F3003A084002BA545 /* StatsStore.swift */,
			);
			path = Services;
			sourceTree = "<group>";
		};
		04E751A23003A084002BA545 /* ViewModel */ = {
			isa = PBXGroup;
			children = (
				04E751A13003A084002BA545 /* HeyUpViewModel.swift */,
			);
			path = ViewModel;
			sourceTree = "<group>";
		};
		04E751AD3003A084002BA545 /* Views */ = {
			isa = PBXGroup;
			children = (
				04E751A33003A084002BA545 /* CameraPreviewLayerView.swift */,
				04E751A43003A084002BA545 /* GetReadyView.swift */,
				04E751A53003A084002BA545 /* HomeView.swift */,
				04E751A63003A084002BA545 /* MovementBreakView.swift */,
				04E751A73003A084002BA545 /* OnboardingView.swift */,
				04E751A83003A084002BA545 /* RootView.swift */,
				04E751A93003A084002BA545 /* SettingsView.swift */,
				04E751AA3003A084002BA545 /* SkipCheckInView.swift */,
				04E751AB3003A084002BA545 /* SuccessView.swift */,
				04E751AC3003A084002BA545 /* TimerView.swift */,
			);
			path = Views;
			sourceTree = "<group>";
		};
/* End PBXGroup section */

/* Begin PBXNativeTarget section */
		04E7516230038E1D002BA545 /* HeyUp */ = {
			isa = PBXNativeTarget;
			buildConfigurationList = 04E7516E30038E1E002BA545 /* Build configuration list for PBXNativeTarget "HeyUp" */;
			buildPhases = (
				04E7515F30038E1D002BA545 /* Sources */,
				04E7516030038E1D002BA545 /* Frameworks */,
				04E7516130038E1D002BA545 /* Resources */,
			);
			buildRules = (
			);
			dependencies = (
			);
			name = HeyUp;
			packageProductDependencies = (
			);
			productName = HeyUp;
			productReference = 04E7516330038E1D002BA545 /* HeyUp.app */;
			productType = "com.apple.product-type.application";
		};
/* End PBXNativeTarget section */

/* Begin PBXProject section */
		04E7515B30038E1D002BA545 /* Project object */ = {
			isa = PBXProject;
			attributes = {
				BuildIndependentTargetsInParallel = 1;
				LastSwiftUpdateCheck = 2660;
				LastUpgradeCheck = 2660;
				TargetAttributes = {
					04E7516230038E1D002BA545 = {
						CreatedOnToolsVersion = 26.6;
						LastSwiftMigration = 2660;
					};
				};
			};
			buildConfigurationList = 04E7515E30038E1D002BA545 /* Build configuration list for PBXProject "HeyUp" */;
			developmentRegion = en;
			hasScannedForEncodings = 0;
			knownRegions = (
				en,
				Base,
			);
			mainGroup = 04E7515A30038E1D002BA545;
			minimizedProjectReferenceProxies = 1;
			preferredProjectObjectVersion = 77;
			productRefGroup = 04E7516430038E1D002BA545 /* Products */;
			projectDirPath = "";
			projectRoot = "";
			targets = (
				04E7516230038E1D002BA545 /* HeyUp */,
			);
		};
/* End PBXProject section */

/* Begin PBXResourcesBuildPhase section */
		04E7516130038E1D002BA545 /* Resources */ = {
			isa = PBXResourcesBuildPhase;
			buildActionMask = 2147483647;
			files = (
			);
			runOnlyForDeploymentPostprocessing = 0;
		};
/* End PBXResourcesBuildPhase section */

/* Begin PBXSourcesBuildPhase section */
		04E7515F30038E1D002BA545 /* Sources */ = {
			isa = PBXSourcesBuildPhase;
			buildActionMask = 2147483647;
			files = (
				04E751AE3003B439002BA545 /* ExerciseType.swift in Sources */,
				04E751B23003B4AD002BA545 /* NotificationManager.swift in Sources */,
				04E751B33003B4AD002BA545 /* CameraManager.swift in Sources */,
				04E751B43003B4AD002BA545 /* StatsStore.swift in Sources */,
				04E751B73003B598002BA545 /* MovementBreakView.swift in Sources */,
				04E751B83003B598002BA545 /* SettingsView.swift in Sources */,
				04E751B93003B598002BA545 /* TimerView.swift in Sources */,
				04E751C43003C317002BA545 /* HistoryView.swift in Sources */,
				04E751BA3003B598002BA545 /* GetReadyView.swift in Sources */,
				04E751BB3003B598002BA545 /* CameraPreviewLayerView.swift in Sources */,
				04E751C23003B95D002BA545 /* HeyUpApp.swift in Sources */,
				04E751BC3003B598002BA545 /* SkipCheckInView.swift in Sources */,
				04E751BD3003B598002BA545 /* RootView.swift in Sources */,
				04E751BE3003B598002BA545 /* SuccessView.swift in Sources */,
				04E751BF3003B598002BA545 /* HomeView.swift in Sources */,
				04E751C03003B598002BA545 /* OnboardingView.swift in Sources */,
				04E751B53003B4AD002BA545 /* PoseCounter.swift in Sources */,
				04E751B63003B58A002BA545 /* HeyUpViewModel.swift in Sources */,
				04E751AF3003B439002BA545 /* SessionType.swift in Sources */,
				04E751B03003B439002BA545 /* DailyStats.swift in Sources */,
				04E751B13003B439002BA545 /* UserProfile.swift in Sources */,
			);
			runOnlyForDeploymentPostprocessing = 0;
		};
/* End PBXSourcesBuildPhase section */

/* Begin XCBuildConfiguration section */
		04E7516C30038E1E002BA545 /* Debug */ = {
			isa = XCBuildConfiguration;
			buildSettings = {
				ALWAYS_SEARCH_USER_PATHS = NO;
				ASSETCATALOG_COMPILER_GENERATE_SWIFT_ASSET_SYMBOL_EXTENSIONS = YES;
				CLANG_ANALYZER_NONNULL = YES;
				CLANG_ANALYZER_NUMBER_OBJECT_CONVERSION = YES_AGGRESSIVE;
				CLANG_CXX_LANGUAGE_STANDARD = "gnu++20";
				CLANG_ENABLE_MODULES = YES;
				CLANG_ENABLE_OBJC_ARC = YES;
				CLANG_ENABLE_OBJC_WEAK = YES;
				CLANG_WARN_BLOCK_CAPTURE_AUTORELEASING = YES;
				CLANG_WARN_BOOL_CONVERSION = YES;
				CLANG_WARN_COMMA = YES;
				CLANG_WARN_CONSTANT_CONVERSION = YES;
				CLANG_WARN_DEPRECATED_OBJC_IMPLEMENTATIONS = YES;
				CLANG_WARN_DIRECT_OBJC_ISA_USAGE = YES_ERROR;
				CLANG_WARN_DOCUMENTATION_COMMENTS = YES;
				CLANG_WARN_EMPTY_BODY = YES;
				CLANG_WARN_ENUM_CONVERSION = YES;
				CLANG_WARN_INFINITE_RECURSION = YES;
				CLANG_WARN_INT_CONVERSION = YES;
				CLANG_WARN_NON_LITERAL_NULL_CONVERSION = YES;
				CLANG_WARN_OBJC_IMPLICIT_RETAIN_SELF = YES;
				CLANG_WARN_OBJC_LITERAL_CONVERSION = YES;
				CLANG_WARN_OBJC_ROOT_CLASS = YES_ERROR;
				CLANG_WARN_QUOTED_INCLUDE_IN_FRAMEWORK_HEADER = YES;
				CLANG_WARN_RANGE_LOOP_ANALYSIS = YES;
				CLANG_WARN_STRICT_PROTOTYPES = YES;
				CLANG_WARN_SUSPICIOUS_MOVE = YES;
				CLANG_WARN_UNGUARDED_AVAILABILITY = YES_AGGRESSIVE;
				CLANG_WARN_UNREACHABLE_CODE = YES;
				CLANG_WARN__DUPLICATE_METHOD_MATCH = YES;
				COPY_PHASE_STRIP = NO;
				DEBUG_INFORMATION_FORMAT = dwarf;
				ENABLE_STRICT_OBJC_MSGSEND = YES;
				ENABLE_TESTABILITY = YES;
				ENABLE_USER_SCRIPT_SANDBOXING = YES;
				GCC_C_LANGUAGE_STANDARD = gnu17;
				GCC_DYNAMIC_NO_PIC = NO;
				GCC_NO_COMMON_BLOCKS = YES;
				GCC_OPTIMIZATION_LEVEL = 0;
				GCC_PREPROCESSOR_DEFINITIONS = (
					"DEBUG=1",
					"$(inherited)",
				);
				GCC_WARN_64_TO_32_BIT_CONVERSION = YES;
				GCC_WARN_ABOUT_RETURN_TYPE = YES_ERROR;
				GCC_WARN_UNDECLARED_SELECTOR = YES;
				GCC_WARN_UNINITIALIZED_AUTOS = YES_AGGRESSIVE;
				GCC_WARN_UNUSED_FUNCTION = YES;
				GCC_WARN_UNUSED_VARIABLE = YES;
				IPHONEOS_DEPLOYMENT_TARGET = 26.5;
				LOCALIZATION_PREFERS_STRING_CATALOGS = YES;
				MTL_ENABLE_DEBUG_INFO = INCLUDE_SOURCE;
				MTL_FAST_MATH = YES;
				ONLY_ACTIVE_ARCH = YES;
				SDKROOT = iphoneos;
				SWIFT_ACTIVE_COMPILATION_CONDITIONS = "DEBUG $(inherited)";
				SWIFT_OPTIMIZATION_LEVEL = "-Onone";
			};
			name = Debug;
		};
		04E7516D30038E1E002BA545 /* Release */ = {
			isa = XCBuildConfiguration;
			buildSettings = {
				ALWAYS_SEARCH_USER_PATHS = NO;
				ASSETCATALOG_COMPILER_GENERATE_SWIFT_ASSET_SYMBOL_EXTENSIONS = YES;
				CLANG_ANALYZER_NONNULL = YES;
				CLANG_ANALYZER_NUMBER_OBJECT_CONVERSION = YES_AGGRESSIVE;
				CLANG_CXX_LANGUAGE_STANDARD = "gnu++20";
				CLANG_ENABLE_MODULES = YES;
				CLANG_ENABLE_OBJC_ARC = YES;
				CLANG_ENABLE_OBJC_WEAK = YES;
				CLANG_WARN_BLOCK_CAPTURE_AUTORELEASING = YES;
				CLANG_WARN_BOOL_CONVERSION = YES;
				CLANG_WARN_COMMA = YES;
				CLANG_WARN_CONSTANT_CONVERSION = YES;
				CLANG_WARN_DEPRECATED_OBJC_IMPLEMENTATIONS = YES;
				CLANG_WARN_DIRECT_OBJC_ISA_USAGE = YES_ERROR;
				CLANG_WARN_DOCUMENTATION_COMMENTS = YES;
				CLANG_WARN_EMPTY_BODY = YES;
				CLANG_WARN_ENUM_CONVERSION = YES;
				CLANG_WARN_INFINITE_RECURSION = YES;
				CLANG_WARN_INT_CONVERSION = YES;
				CLANG_WARN_NON_LITERAL_NULL_CONVERSION = YES;
				CLANG_WARN_OBJC_IMPLICIT_RETAIN_SELF = YES;
				CLANG_WARN_OBJC_LITERAL_CONVERSION = YES;
				CLANG_WARN_OBJC_ROOT_CLASS = YES_ERROR;
				CLANG_WARN_QUOTED_INCLUDE_IN_FRAMEWORK_HEADER = YES;
				CLANG_WARN_RANGE_LOOP_ANALYSIS = YES;
				CLANG_WARN_STRICT_PROTOTYPES = YES;
				CLANG_WARN_SUSPICIOUS_MOVE = YES;
				CLANG_WARN_UNGUARDED_AVAILABILITY = YES_AGGRESSIVE;
				CLANG_WARN_UNREACHABLE_CODE = YES;
				CLANG_WARN__DUPLICATE_METHOD_MATCH = YES;
				COPY_PHASE_STRIP = NO;
				DEBUG_INFORMATION_FORMAT = "dwarf-with-dsym";
				ENABLE_NS_ASSERTIONS = NO;
				ENABLE_STRICT_OBJC_MSGSEND = YES;
				ENABLE_USER_SCRIPT_SANDBOXING = YES;
				GCC_C_LANGUAGE_STANDARD = gnu17;
				GCC_NO_COMMON_BLOCKS = YES;
				GCC_WARN_64_TO_32_BIT_CONVERSION = YES;
				GCC_WARN_ABOUT_RETURN_TYPE = YES_ERROR;
				GCC_WARN_UNDECLARED_SELECTOR = YES;
				GCC_WARN_UNINITIALIZED_AUTOS = YES_AGGRESSIVE;
				GCC_WARN_UNUSED_FUNCTION = YES;
				GCC_WARN_UNUSED_VARIABLE = YES;
				IPHONEOS_DEPLOYMENT_TARGET = 26.5;
				LOCALIZATION_PREFERS_STRING_CATALOGS = YES;
				MTL_ENABLE_DEBUG_INFO = NO;
				MTL_FAST_MATH = YES;
				SDKROOT = iphoneos;
				SWIFT_COMPILATION_MODE = wholemodule;
				VALIDATE_PRODUCT = YES;
			};
			name = Release;
		};
		04E7516F30038E1E002BA545 /* Debug */ = {
			isa = XCBuildConfiguration;
			buildSettings = {
				ASSETCATALOG_COMPILER_APPICON_NAME = AppIcon;
				ASSETCATALOG_COMPILER_GLOBAL_ACCENT_COLOR_NAME = AccentColor;
				CLANG_ENABLE_MODULES = YES;
				CODE_SIGN_STYLE = Automatic;
				CURRENT_PROJECT_VERSION = 1;
				ENABLE_PREVIEWS = YES;
				GENERATE_INFOPLIST_FILE = YES;
				INFOPLIST_FILE = "HeyUp-Info.plist";
				INFOPLIST_KEY_NSCameraUsageDescription = "HeyUp uses your camera during movement breaks to count your reps. Nothing is recorded or leaves your device.";
				INFOPLIST_KEY_UIApplicationSceneManifest_Generation = YES;
				INFOPLIST_KEY_UIApplicationSupportsIndirectInputEvents = YES;
				INFOPLIST_KEY_UILaunchScreen_Generation = YES;
				INFOPLIST_KEY_UISupportedInterfaceOrientations_iPad = "UIInterfaceOrientationPortrait UIInterfaceOrientationPortraitUpsideDown UIInterfaceOrientationLandscapeLeft UIInterfaceOrientationLandscapeRight";
				INFOPLIST_KEY_UISupportedInterfaceOrientations_iPhone = "UIInterfaceOrientationPortrait UIInterfaceOrientationLandscapeLeft UIInterfaceOrientationLandscapeRight";
				LD_RUNPATH_SEARCH_PATHS = (
					"$(inherited)",
					"@executable_path/Frameworks",
				);
				MARKETING_VERSION = 1.0;
				PRODUCT_BUNDLE_IDENTIFIER = com.frontdeskautomation.HeyUp;
				PRODUCT_NAME = "$(TARGET_NAME)";
				STRING_CATALOG_GENERATE_SYMBOLS = YES;
				SWIFT_APPROACHABLE_CONCURRENCY = YES;
				SWIFT_DEFAULT_ACTOR_ISOLATION = MainActor;
				SWIFT_EMIT_LOC_STRINGS = YES;
				SWIFT_OPTIMIZATION_LEVEL = "-Onone";
				SWIFT_UPCOMING_FEATURE_MEMBER_IMPORT_VISIBILITY = YES;
				SWIFT_VERSION = 5.0;
				TARGETED_DEVICE_FAMILY = "1,2";
			};
			name = Debug;
		};
		04E7517030038E1E002BA545 /* Release */ = {
			isa = XCBuildConfiguration;
			buildSettings = {
				ASSETCATALOG_COMPILER_APPICON_NAME = AppIcon;
				ASSETCATALOG_COMPILER_GLOBAL_ACCENT_COLOR_NAME = AccentColor;
				CLANG_ENABLE_MODULES = YES;
				CODE_SIGN_STYLE = Automatic;
				CURRENT_PROJECT_VERSION = 1;
				ENABLE_PREVIEWS = YES;
				GENERATE_INFOPLIST_FILE = YES;
				INFOPLIST_FILE = "HeyUp-Info.plist";
				INFOPLIST_KEY_NSCameraUsageDescription = "HeyUp uses your camera during movement breaks to count your reps. Nothing is recorded or leaves your device.";
				INFOPLIST_KEY_UIApplicationSceneManifest_Generation = YES;
				INFOPLIST_KEY_UIApplicationSupportsIndirectInputEvents = YES;
				INFOPLIST_KEY_UILaunchScreen_Generation = YES;
				INFOPLIST_KEY_UISupportedInterfaceOrientations_iPad = "UIInterfaceOrientationPortrait UIInterfaceOrientationPortraitUpsideDown UIInterfaceOrientationLandscapeLeft UIInterfaceOrientationLandscapeRight";
				INFOPLIST_KEY_UISupportedInterfaceOrientations_iPhone = "UIInterfaceOrientationPortrait UIInterfaceOrientationLandscapeLeft UIInterfaceOrientationLandscapeRight";
				LD_RUNPATH_SEARCH_PATHS = (
					"$(inherited)",
					"@executable_path/Frameworks",
				);
				MARKETING_VERSION = 1.0;
				PRODUCT_BUNDLE_IDENTIFIER = com.frontdeskautomation.HeyUp;
				PRODUCT_NAME = "$(TARGET_NAME)";
				STRING_CATALOG_GENERATE_SYMBOLS = YES;
				SWIFT_APPROACHABLE_CONCURRENCY = YES;
				SWIFT_DEFAULT_ACTOR_ISOLATION = MainActor;
				SWIFT_EMIT_LOC_STRINGS = YES;
				SWIFT_UPCOMING_FEATURE_MEMBER_IMPORT_VISIBILITY = YES;
				SWIFT_VERSION = 5.0;
				TARGETED_DEVICE_FAMILY = "1,2";
			};
			name = Release;
		};
/* End XCBuildConfiguration section */

/* Begin XCConfigurationList section */
		04E7515E30038E1D002BA545 /* Build configuration list for PBXProject "HeyUp" */ = {
			isa = XCConfigurationList;
			buildConfigurations = (
				04E7516C30038E1E002BA545 /* Debug */,
				04E7516D30038E1E002BA545 /* Release */,
			);
			defaultConfigurationIsVisible = 0;
			defaultConfigurationName = Release;
		};
		04E7516E30038E1E002BA545 /* Build configuration list for PBXNativeTarget "HeyUp" */ = {
			isa = XCConfigurationList;
			buildConfigurations = (
				04E7516F30038E1E002BA545 /* Debug */,
				04E7517030038E1E002BA545 /* Release */,
			);
			defaultConfigurationIsVisible = 0;
			defaultConfigurationName = Release;
		};
/* End XCConfigurationList section */
	};
	rootObject = 04E7515B30038E1D002BA545 /* Project object */;
}
